
Microsoft Visual Studio Solution File, Format Version 12.00
# Visual Studio Version 17
VisualStudioVersion = 17.5.002.0
MinimumVisualStudioVersion = 10.0.40219.1
Project("{2150E333-8FDC-42A3-9474-1A3956D46DE8}") = "comp", "comp", "{247B56F6-D4D4-4F83-B812-F27366A00406}"
EndProject
Project("{2150E333-8FDC-42A3-9474-1A3956D46DE8}") = "serial", "serial", "{521BF82A-C4AC-455C-B513-1195BEA2FDAB}"
EndProject
Project("{9A19103F-16F7-4668-BE54-9A1E7A4F7556}") = "c#", "comp\serial\c#\c#.csproj", "{B841034E-004B-4EB6-B2E3-1FBC3852B8C7}"
EndProject
Global
	GlobalSection(SolutionConfigurationPlatforms) = preSolution
		Debug|Any CPU = Debug|Any CPU
		Release|Any CPU = Release|Any CPU
	EndGlobalSection
	GlobalSection(ProjectConfigurationPlatforms) = postSolution
		{B841034E-004B-4EB6-B2E3-1FBC3852B8C7}.Debug|Any CPU.ActiveCfg = Debug|Any CPU
		{B841034E-004B-4EB6-B2E3-1FBC3852B8C7}.Debug|Any CPU.Build.0 = Debug|Any CPU
		{B841034E-004B-4EB6-B2E3-1FBC3852B8C7}.Release|Any CPU.ActiveCfg = Release|Any CPU
		{B841034E-004B-4EB6-B2E3-1FBC3852B8C7}.Release|Any CPU.Build.0 = Release|Any CPU
	EndGlobalSection
	GlobalSection(SolutionProperties) = preSolution
		HideSolutionNode = FALSE
	EndGlobalSection
	GlobalSection(NestedProjects) = preSolution
		{521BF82A-C4AC-455C-B513-1195BEA2FDAB} = {247B56F6-D4D4-4F83-B812-F27366A00406}
		{B841034E-004B-4EB6-B2E3-1FBC3852B8C7} = {521BF82A-C4AC-455C-B513-1195BEA2FDAB}
	EndGlobalSection
	GlobalSection(ExtensibilityGlobals) = postSolution
		SolutionGuid = {F330EF11-4C40-4961-9CED-4EAEE01E19E2}
	EndGlobalSection
EndGlobal
